// !$*UTF8*$!
{
	archiveVersion = 1;
	classes = {
	};
	objectVersion = 46;
	objects = {

/* Begin PBXBuildFile section */
		9D1C077420A2225F00B52FCA /* curtain.png in Resources */ = {isa = PBXBuildFile; fileRef = 9D1C077320A2225F00B52FCA /* curtain.png */; };
		9D1C077820A2237900B52FCA /* JGProgressHUD.framework in Frameworks */ = {isa = PBXBuildFile; fileRef = 9D1C077720A2237900B52FCA /* JGProgressHUD.framework */; };
		9D26DDD520A0B4670039EEC0 /* ViewController.swift in Sources */ = {isa = PBXBuildFile; fileRef = 9D26DDCB20A0B4670039EEC0 /* ViewController.swift */; };
		9D26DDD720A0B4670039EEC0 /* Assets.xcassets in Resources */ = {isa = PBXBuildFile; fileRef = 9D26DDCD20A0B4670039EEC0 /* Assets.xcassets */; };
		9D26DDDB20A0B4670039EEC0 /* AppDelegate.swift in Sources */ = {isa = PBXBuildFile; fileRef = 9D26DDD320A0B4670039EEC0 /* AppDelegate.swift */; };
		9D26DDE120A0B5610039EEC0 /* LaunchScreen.storyboard in Resources */ = {isa = PBXBuildFile; fileRef = 9D26DDDF20A0B5610039EEC0 /* LaunchScreen.storyboard */; };
		9D26DDE420A0B6690039EEC0 /* Main.storyboard in Resources */ = {isa = PBXBuildFile; fileRef = 9D26DDE320A0B6690039EEC0 /* Main.storyboard */; };
/* End PBXBuildFile section */

/* Begin PBXFileReference section */
		938E753F1EB15F74000806F3 /* README.md */ = {isa = PBXFileReference; lastKnownFileType = net.daringfireball.markdown; path = README.md; sourceTree = "<group>"; };
		93F367471ECA837200BFC414 /* Screenshots */ = {isa = PBXFileReference; lastKnownFileType = folder; path = Screenshots; sourceTree = "<group>"; };
		9D1C077320A2225F00B52FCA /* curtain.png */ = {isa = PBXFileReference; lastKnownFileType = image.png; name = curtain.png; path = Assets.xcassets/curtain.imageset/curtain.png; sourceTree = "<group>"; };
		9D1C077720A2237900B52FCA /* JGProgressHUD.framework */ = {isa = PBXFileReference; lastKnownFileType = wrapper.framework; name = JGProgressHUD.framework; path = Carthage/Build/iOS/JGProgressHUD.framework; sourceTree = "<group>"; };
		9D26DDCB20A0B4670039EEC0 /* ViewController.swift */ = {isa = PBXFileReference; fileEncoding = 4; lastKnownFileType = sourcecode.swift; path = ViewController.swift; sourceTree = "<group>"; };
		9D26DDCD20A0B4670039EEC0 /* Assets.xcassets */ = {isa = PBXFileReference; lastKnownFileType = folder.assetcatalog; path = Assets.xcassets; sourceTree = "<group>"; };
		9D26DDD320A0B4670039EEC0 /* AppDelegate.swift */ = {isa = PBXFileReference; fileEncoding = 4; lastKnownFileType = sourcecode.swift; path = AppDelegate.swift; sourceTree = "<group>"; };
		9D26DDD420A0B4670039EEC0 /* Info.plist */ = {isa = PBXFileReference; fileEncoding = 4; lastKnownFileType = text.plist.xml; path = Info.plist; sourceTree = "<group>"; };
		9D26DDDF20A0B5610039EEC0 /* LaunchScreen.storyboard */ = {isa = PBXFileReference; fileEncoding = 4; lastKnownFileType = file.storyboard; path = LaunchScreen.storyboard; sourceTree = "<group>"; };
		9D26DDE320A0B6690039EEC0 /* Main.storyboard */ = {isa = PBXFileReference; lastKnownFileType = file.storyboard; path = Main.storyboard; sourceTree = "<group>"; };
		BABE64311D635D7700F4EC2B /* Managed View.app */ = {isa = PBXFileReference; explicitFileType = wrapper.application; includeInIndex = 0; path = "Managed View.app"; sourceTree = BUILT_PRODUCTS_DIR; };
/* End PBXFileReference section */

/* Begin PBXFrameworksBuildPhase section */
		BABE642E1D635D7700F4EC2B /* Frameworks */ = {
			isa = PBXFrameworksBuildPhase;
			buildActionMask = 2147483647;
			files = (
				9D1C077820A2237900B52FCA /* JGProgressHUD.framework in Frameworks */,
			);
			runOnlyForDeploymentPostprocessing = 0;
		};
/* End PBXFrameworksBuildPhase section */

/* Begin PBXGroup section */
		9D1C077620A2237900B52FCA /* Frameworks */ = {
			isa = PBXGroup;
			children = (
				9D1C077720A2237900B52FCA /* JGProgressHUD.framework */,
			);
			name = Frameworks;
			sourceTree = "<group>";
		};
		9D26DDCA20A0B4670039EEC0 /* Managed View */ = {
			isa = PBXGroup;
			children = (
				9D26DDD320A0B4670039EEC0 /* AppDelegate.swift */,
				9D26DDCB20A0B4670039EEC0 /* ViewController.swift */,
				9D26DDCD20A0B4670039EEC0 /* Assets.xcassets */,
				9D26DDDF20A0B5610039EEC0 /* LaunchScreen.storyboard */,
				9D26DDE320A0B6690039EEC0 /* Main.storyboard */,
				9D26DDD420A0B4670039EEC0 /* Info.plist */,
				9D1C077320A2225F00B52FCA /* curtain.png */,
			);
			path = "Managed View";
			sourceTree = "<group>";
		};
		BABE64281D635D7700F4EC2B = {
			isa = PBXGroup;
			children = (
				9D26DDCA20A0B4670039EEC0 /* Managed View */,
				938E753F1EB15F74000806F3 /* README.md */,
				93F367471ECA837200BFC414 /* Screenshots */,
				BABE64321D635D7700F4EC2B /* Products */,
				9D1C077620A2237900B52FCA /* Frameworks */,
			);
			sourceTree = "<group>";
		};
		BABE64321D635D7700F4EC2B /* Products */ = {
			isa = PBXGroup;
			children = (
				BABE64311D635D7700F4EC2B /* Managed View.app */,
			);
			name = Products;
			sourceTree = "<group>";
		};
/* End PBXGroup section */

/* Begin PBXNativeTarget section */
		BABE64301D635D7700F4EC2B /* Managed View */ = {
			isa = PBXNativeTarget;
			buildConfigurationList = BABE64431D635D7700F4EC2B /* Build configuration list for PBXNativeTarget "Managed View" */;
			buildPhases = (
				BABE642D1D635D7700F4EC2B /* Sources */,
				BABE642E1D635D7700F4EC2B /* Frameworks */,
				BABE642F1D635D7700F4EC2B /* Resources */,
				9D1C077520A2231A00B52FCA /* Copy Frameworks */,
				9D80276D21876208003647FF /* Increment Build */,
			);
			buildRules = (
			);
			dependencies = (
			);
			name = "Managed View";
			productName = "Direct View";
			productReference = BABE64311D635D7700F4EC2B /* Managed View.app */;
			productType = "com.apple.product-type.application";
		};
/* End PBXNativeTarget section */

/* Begin PBXProject section */
		BABE64291D635D7700F4EC2B /* Project object */ = {
			isa = PBXProject;
			attributes = {
				LastSwiftUpdateCheck = 0730;
				LastUpgradeCheck = 0800;
				ORGANIZATIONNAME = Tipit;
				TargetAttributes = {
					BABE64301D635D7700F4EC2B = {
						CreatedOnToolsVersion = 7.3.1;
						DevelopmentTeam = Y7FG9N5SL2;
						LastSwiftMigration = 0830;
						SystemCapabilities = {
							com.apple.BackgroundModes = {
								enabled = 1;
							};
						};
					};
				};
			};
			buildConfigurationList = BABE642C1D635D7700F4EC2B /* Build configuration list for PBXProject "Managed View" */;
			compatibilityVersion = "Xcode 3.2";
			developmentRegion = English;
			hasScannedForEncodings = 0;
			knownRegions = (
				en,
				Base,
			);
			mainGroup = BABE64281D635D7700F4EC2B;
			productRefGroup = BABE64321D635D7700F4EC2B /* Products */;
			projectDirPath = "";
			projectRoot = "";
			targets = (
				BABE64301D635D7700F4EC2B /* Managed View */,
			);
		};
/* End PBXProject section */

/* Begin PBXResourcesBuildPhase section */
		BABE642F1D635D7700F4EC2B /* Resources */ = {
			isa = PBXResourcesBuildPhase;
			buildActionMask = 2147483647;
			files = (
				9D26DDE120A0B5610039EEC0 /* LaunchScreen.storyboard in Resources */,
				9D26DDE420A0B6690039EEC0 /* Main.storyboard in Resources */,
				9D26DDD720A0B4670039EEC0 /* Assets.xcassets in Resources */,
				9D1C077420A2225F00B52FCA /* curtain.png in Resources */,
			);
			runOnlyForDeploymentPostprocessing = 0;
		};
/* End PBXResourcesBuildPhase section */

/* Begin PBXShellScriptBuildPhase section */
		9D1C077520A2231A00B52FCA /* Copy Frameworks */ = {
			isa = PBXShellScriptBuildPhase;
			buildActionMask = 2147483647;
			files = (
			);
			inputPaths = (
				"$(SRCROOT)/Carthage/Build/iOS/JGProgressHUD.framework",
			);
			name = "Copy Frameworks";
			outputPaths = (
				"$(BUILT_PRODUCTS_DIR)/$(FRAMEWORKS_FOLDER_PATH)/JGProgressHUD.framework",
			);
			runOnlyForDeploymentPostprocessing = 0;
			shellPath = /bin/sh;
			shellScript = "/usr/local/bin/carthage copy-frameworks";
		};
		9D80276D21876208003647FF /* Increment Build */ = {
			isa = PBXShellScriptBuildPhase;
			buildActionMask = 12;
			files = (
			);
			inputPaths = (
			);
			name = "Increment Build";
			outputPaths = (
			);
			runOnlyForDeploymentPostprocessing = 0;
			shellPath = /bin/sh;
			shellScript = "#!/bin/bash\n\n#  update_build_number.sh\n#  Usage: `update_build_number.sh [branch]`\n#  Run this script after the 'Copy Bundle Resources' build phase\n#  Ref: http://tgoode.com/2014/06/05/sensible-way-increment-bundle-version-cfbundleversion-xcode/\n\nbranch=${1:-'develop'}\nbuildNumber=$(expr $(git rev-list $branch --count) - $(git rev-list HEAD..$branch --count))\n\necho \"Updating build number to $buildNumber using branch '$branch'.\"\n/usr/libexec/PlistBuddy -c \"Set :CFBundleVersion $buildNumber\" \"${TARGET_BUILD_DIR}/${INFOPLIST_PATH}\"\nif [ -f \"${BUILT_PRODUCTS_DIR}/${WRAPPER_NAME}.dSYM/Contents/Info.plist\" ]; then\n    /usr/libexec/PlistBuddy -c \"Set :CFBundleVersion $buildNumber\" \"${BUILT_PRODUCTS_DIR}/${WRAPPER_NAME}.dSYM/Contents/Info.plist\"\nfi\n\nversion=$(/usr/libexec/PlistBuddy -c \"Print :CFBundleShortVersionString\" \"${TARGET_BUILD_DIR}/${INFOPLIST_PATH}\")\n\necho \"Updating version to $version$buildNumber\"\n/usr/libexec/PlistBuddy -c \"Set :CFBundleShortVersionString $version$buildNumber\" \"${TARGET_BUILD_DIR}/${INFOPLIST_PATH}\"\nif [ -f \"${BUILT_PRODUCTS_DIR}/${WRAPPER_NAME}.dSYM/Contents/Info.plist\" ]; then\n/usr/libexec/PlistBuddy -c \"Set :CFBundleShortVersionString $version$buildNumber\" \"${BUILT_PRODUCTS_DIR}/${WRAPPER_NAME}.dSYM/Contents/Info.plist\"\nfi\n";
		};
/* End PBXShellScriptBuildPhase section */

/* Begin PBXSourcesBuildPhase section */
		BABE642D1D635D7700F4EC2B /* Sources */ = {
			isa = PBXSourcesBuildPhase;
			buildActionMask = 2147483647;
			files = (
				9D26DDDB20A0B4670039EEC0 /* AppDelegate.swift in Sources */,
				9D26DDD520A0B4670039EEC0 /* ViewController.swift in Sources */,
			);
			runOnlyForDeploymentPostprocessing = 0;
		};
/* End PBXSourcesBuildPhase section */

/* Begin XCBuildConfiguration section */
		BABE64411D635D7700F4EC2B /* Debug */ = {
			isa = XCBuildConfiguration;
			buildSettings = {
				ALWAYS_SEARCH_USER_PATHS = NO;
				CLANG_ANALYZER_NONNULL = YES;
				CLANG_CXX_LANGUAGE_STANDARD = "gnu++0x";
				CLANG_CXX_LIBRARY = "libc++";
				CLANG_ENABLE_MODULES = YES;
				CLANG_ENABLE_OBJC_ARC = YES;
				CLANG_WARN_BOOL_CONVERSION = YES;
				CLANG_WARN_CONSTANT_CONVERSION = YES;
				CLANG_WARN_DIRECT_OBJC_ISA_USAGE = YES_ERROR;
				CLANG_WARN_EMPTY_BODY = YES;
				CLANG_WARN_ENUM_CONVERSION = YES;
				CLANG_WARN_INFINITE_RECURSION = YES;
				CLANG_WARN_INT_CONVERSION = YES;
				CLANG_WARN_OBJC_ROOT_CLASS = YES_ERROR;
				CLANG_WARN_SUSPICIOUS_MOVE = YES;
				CLANG_WARN_UNREACHABLE_CODE = YES;
				CLANG_WARN__DUPLICATE_METHOD_MATCH = YES;
				CODE_SIGN_IDENTITY = "iPhone Developer";
				"CODE_SIGN_IDENTITY[sdk=iphoneos*]" = "iPhone Developer";
				COPY_PHASE_STRIP = NO;
				DEBUG_INFORMATION_FORMAT = dwarf;
				ENABLE_STRICT_OBJC_MSGSEND = YES;
				ENABLE_TESTABILITY = YES;
				GCC_C_LANGUAGE_STANDARD = gnu99;
				GCC_DYNAMIC_NO_PIC = NO;
				GCC_NO_COMMON_BLOCKS = YES;
				GCC_OPTIMIZATION_LEVEL = 0;
				GCC_PREPROCESSOR_DEFINITIONS = (
					"DEBUG=1",
					"$(inherited)",
				);
				GCC_WARN_64_TO_32_BIT_CONVERSION = YES;
				GCC_WARN_ABOUT_RETURN_TYPE = YES_ERROR;
				GCC_WARN_UNDECLARED_SELECTOR = YES;
				GCC_WARN_UNINITIALIZED_AUTOS = YES_AGGRESSIVE;
				GCC_WARN_UNUSED_FUNCTION = YES;
				GCC_WARN_UNUSED_VARIABLE = YES;
				IPHONEOS_DEPLOYMENT_TARGET = 9.3;
				MTL_ENABLE_DEBUG_INFO = YES;
				ONLY_ACTIVE_ARCH = YES;
				SDKROOT = iphoneos;
				SWIFT_OPTIMIZATION_LEVEL = "-Onone";
				TARGETED_DEVICE_FAMILY = "1,2";
			};
			name = Debug;
		};
		BABE64421D635D7700F4EC2B /* Release */ = {
			isa = XCBuildConfiguration;
			buildSettings = {
				ALWAYS_SEARCH_USER_PATHS = NO;
				CLANG_ANALYZER_NONNULL = YES;
				CLANG_CXX_LANGUAGE_STANDARD = "gnu++0x";
				CLANG_CXX_LIBRARY = "libc++";
				CLANG_ENABLE_MODULES = YES;
				CLANG_ENABLE_OBJC_ARC = YES;
				CLANG_WARN_BOOL_CONVERSION = YES;
				CLANG_WARN_CONSTANT_CONVERSION = YES;
				CLANG_WARN_DIRECT_OBJC_ISA_USAGE = YES_ERROR;
				CLANG_WARN_EMPTY_BODY = YES;
				CLANG_WARN_ENUM_CONVERSION = YES;
				CLANG_WARN_INFINITE_RECURSION = YES;
				CLANG_WARN_INT_CONVERSION = YES;
				CLANG_WARN_OBJC_ROOT_CLASS = YES_ERROR;
				CLANG_WARN_SUSPICIOUS_MOVE = YES;
				CLANG_WARN_UNREACHABLE_CODE = YES;
				CLANG_WARN__DUPLICATE_METHOD_MATCH = YES;
				CODE_SIGN_IDENTITY = "iPhone Developer";
				"CODE_SIGN_IDENTITY[sdk=iphoneos*]" = "iPhone Developer";
				COPY_PHASE_STRIP = NO;
				DEBUG_INFORMATION_FORMAT = "dwarf-with-dsym";
				ENABLE_NS_ASSERTIONS = NO;
				ENABLE_STRICT_OBJC_MSGSEND = YES;
				GCC_C_LANGUAGE_STANDARD = gnu99;
				GCC_NO_COMMON_BLOCKS = YES;
				GCC_WARN_64_TO_32_BIT_CONVERSION = YES;
				GCC_WARN_ABOUT_RETURN_TYPE = YES_ERROR;
				GCC_WARN_UNDECLARED_SELECTOR = YES;
				GCC_WARN_UNINITIALIZED_AUTOS = YES_AGGRESSIVE;
				GCC_WARN_UNUSED_FUNCTION = YES;
				GCC_WARN_UNUSED_VARIABLE = YES;
				IPHONEOS_DEPLOYMENT_TARGET = 9.3;
				MTL_ENABLE_DEBUG_INFO = NO;
				SDKROOT = iphoneos;
				SWIFT_OPTIMIZATION_LEVEL = "-Owholemodule";
				TARGETED_DEVICE_FAMILY = "1,2";
				VALIDATE_PRODUCT = YES;
			};
			name = Release;
		};
		BABE64441D635D7700F4EC2B /* Debug */ = {
			isa = XCBuildConfiguration;
			buildSettings = {
				ASSETCATALOG_COMPILER_APPICON_NAME = AppIcon;
				CLANG_ENABLE_MODULES = YES;
				DEVELOPMENT_TEAM = Y7FG9N5SL2;
				FRAMEWORK_SEARCH_PATHS = (
					"$(inherited)",
					"$(PROJECT_DIR)/Carthage/Build/iOS",
				);
				INFOPLIST_FILE = "$(SRCROOT)/Managed View/Info.plist";
				LD_RUNPATH_SEARCH_PATHS = "$(inherited) @executable_path/Frameworks";
				PRODUCT_BUNDLE_IDENTIFIER = com.getvolo.ManagedView;
				PRODUCT_NAME = "Managed View";
				SWIFT_OPTIMIZATION_LEVEL = "-Onone";
				SWIFT_VERSION = 3.0;
			};
			name = Debug;
		};
		BABE64451D635D7700F4EC2B /* Release */ = {
			isa = XCBuildConfiguration;
			buildSettings = {
				ASSETCATALOG_COMPILER_APPICON_NAME = AppIcon;
				CLANG_ENABLE_MODULES = YES;
				DEVELOPMENT_TEAM = Y7FG9N5SL2;
				FRAMEWORK_SEARCH_PATHS = (
					"$(inherited)",
					"$(PROJECT_DIR)/Carthage/Build/iOS",
				);
				INFOPLIST_FILE = "$(SRCROOT)/Managed View/Info.plist";
				LD_RUNPATH_SEARCH_PATHS = "$(inherited) @executable_path/Frameworks";
				PRODUCT_BUNDLE_IDENTIFIER = com.getvolo.ManagedView;
				PRODUCT_NAME = "Managed View";
				SWIFT_VERSION = 3.0;
			};
			name = Release;
		};
/* End XCBuildConfiguration section */

/* Begin XCConfigurationList section */
		BABE642C1D635D7700F4EC2B /* Build configuration list for PBXProject "Managed View" */ = {
			isa = XCConfigurationList;
			buildConfigurations = (
				BABE64411D635D7700F4EC2B /* Debug */,
				BABE64421D635D7700F4EC2B /* Release */,
			);
			defaultConfigurationIsVisible = 0;
			defaultConfigurationName = Release;
		};
		BABE64431D635D7700F4EC2B /* Build configuration list for PBXNativeTarget "Managed View" */ = {
			isa = XCConfigurationList;
			buildConfigurations = (
				BABE64441D635D7700F4EC2B /* Debug */,
				BABE64451D635D7700F4EC2B /* Release */,
			);
			defaultConfigurationIsVisible = 0;
			defaultConfigurationName = Release;
		};
/* End XCConfigurationList section */
	};
	rootObject = BABE64291D635D7700F4EC2B /* Project object */;
}
